<Solution>
  <Project Path="CleanArchitecture.API/CleanArchitecture.API.csproj" />
  <Project Path="CleanArchitecture.Application/CleanArchitecture.Application.csproj" />
  <Project Path="CleanArchitecture.Domain/CleanArchitecture.Domain.csproj" />
  <Project Path="CleanArchitecture.Infrastructure/CleanArchitecture.Infrastructure.csproj" />
</Solution>
